# THIS IS AN AUTOGENERATED FILE. DO NOT EDIT THIS FILE DIRECTLY.
# yarn lockfile v1


"@types/lodash@^4.14.178":
  version "4.14.178"
  resolved "https://registry.yarnpkg.com/@types/lodash/-/lodash-4.14.178.tgz#341f6d2247db528d4a13ddbb374bcdc80406f4f8"
  integrity sha512-0d5Wd09ItQWH1qFbEyQ7oTQ3GZrMfth5JkbN3EvTKLXcHLRDSXeLnlvlOn0wvxVIwK5o2M8JzP/OWz7T3NRsbw==

"@types/node@^18.8.4":
  version "18.8.4"
  resolved "https://registry.yarnpkg.com/@types/node/-/node-18.8.4.tgz#54be907698f40de8a45770b48486aa3cbd3adff7"
  integrity sha512-WdlVphvfR/GJCLEMbNA8lJ0lhFNBj4SW3O+O5/cEGw9oYrv0al9zTwuQsq+myDUXgNx2jgBynoVgZ2MMJ6pbow==

dayjs@1.9.3:
  version "1.9.3"
  resolved "https://registry.yarnpkg.com/dayjs/-/dayjs-1.9.3.tgz#b7f94b22ad2a136a4ca02a01ab68ae893fe1a268"
  integrity sha512-V+1SyIvkS+HmNbN1G7A9+ERbFTV9KTXu6Oor98v2xHmzzpp52OIJhQuJSTywWuBY5pyAEmlwbCi1Me87n/SLOw==

immer@^9.0.12:
  version "9.0.12"
  resolved "https://registry.yarnpkg.com/immer/-/immer-9.0.12.tgz#2d33ddf3ee1d247deab9d707ca472c8c942a0f20"
  integrity sha512-lk7UNmSbAukB5B6dh9fnh5D0bJTOFKxVg2cyJWTYrWRfhLrLMBquONcUs3aFq507hNoIZEDDh8lb8UtOizSMhA==

"js-tokens@^3.0.0 || ^4.0.0":
  version "4.0.0"
  resolved "https://registry.yarnpkg.com/js-tokens/-/js-tokens-4.0.0.tgz#19203fb59991df98e3a287050d4647cdeaf32499"
  integrity sha512-RdJUflcE3cUzKiMqQgsCu06FPu9UdIJO0beYbPhHN4k6apgJtifcoCtT9bcxOpYBtpD2kCM6Sbzg4CausW/PKQ==

lodash@^4.17.21:
  version "4.17.21"
  resolved "https://registry.yarnpkg.com/lodash/-/lodash-4.17.21.tgz#679591c564c3bffaae8454cf0b3df370c3d6911c"
  integrity sha512-v2kDEe57lecTulaDIuNTPy3Ry4gLGJ6Z1O3vE1krgXZNrsQ+LFTGHVxVjcXPs17LhbZVGedAJv8XZ1tvj5FvSg==

loose-envify@^1.1.0:
  version "1.4.0"
  resolved "https://registry.yarnpkg.com/loose-envify/-/loose-envify-1.4.0.tgz#71ee51fa7be4caec1a63839f7e682d8132d30caf"
  integrity sha512-lyuxPGr/Wfhrlem2CL/UcnUc1zcqKAImBDzukY7Y5F/yQiNdko6+fRLevlw1HgMySw7f611UIY408EtxRSoK3Q==
  dependencies:
    js-tokens "^3.0.0 || ^4.0.0"

react@^18.2.0:
  version "18.2.0"
  resolved "https://registry.yarnpkg.com/react/-/react-18.2.0.tgz#555bd98592883255fa00de14f1151a917b5d77d5"
  integrity sha512-/3IjMdb2L9QbBdWiW5e3P2/npwMBaU9mHCSCUzNln0ZCYbcfTsGbTJrU/kGemdH2IWmB2ioZ+zkxtmq6g09fGQ==
  dependencies:
    loose-envify "^1.1.0"

zustand@3.6.7:
  version "3.6.7"
  resolved "https://registry.yarnpkg.com/zustand/-/zustand-3.6.7.tgz#aab5ac0a9d6d21dce752aecd390f373ed9c9d70a"
  integrity sha512-bYWKXMfoJwZyliFgidcQ3tJC/F2f2hHq1+lhTk8dVPX2k28i4VnpnKjBGNxAd2QNliV0m455Vm+gDL8LShrV3g==
